
Microsoft Visual Studio Solution File, Format Version 12.00
# Visual Studio Version 16
VisualStudioVersion = 16.0.30225.117
MinimumVisualStudioVersion = 10.0.40219.1
Project("{FAE04EC0-301F-11D3-BF4B-00C04F79EFBC}") = "SimpleWPFApp", "SimpleWPFApp\SimpleWPFApp.csproj", "{28E0AE0E-74C9-486E-8B50-DC2B25B0289C}"
EndProject
Project("{FAE04EC0-301F-11D3-BF4B-00C04F79EFBC}") = "CodedUITestProject1", "CodedUITestProject1\CodedUITestProject1.csproj", "{77865918-A384-44C7-9E87-E171AA76273B}"
EndProject
Global
	GlobalSection(SolutionConfigurationPlatforms) = preSolution
		Debug|Any CPU = Debug|Any CPU
		Release|Any CPU = Release|Any CPU
	EndGlobalSection
	GlobalSection(ProjectConfigurationPlatforms) = postSolution
		{28E0AE0E-74C9-486E-8B50-DC2B25B0289C}.Debug|Any CPU.ActiveCfg = Debug|Any CPU
		{28E0AE0E-74C9-486E-8B50-DC2B25B0289C}.Debug|Any CPU.Build.0 = Debug|Any CPU
		{28E0AE0E-74C9-486E-8B50-DC2B25B0289C}.Release|Any CPU.ActiveCfg = Release|Any CPU
		{28E0AE0E-74C9-486E-8B50-DC2B25B0289C}.Release|Any CPU.Build.0 = Release|Any CPU
		{77865918-A384-44C7-9E87-E171AA76273B}.Debug|Any CPU.ActiveCfg = Debug|Any CPU
		{77865918-A384-44C7-9E87-E171AA76273B}.Debug|Any CPU.Build.0 = Debug|Any CPU
		{77865918-A384-44C7-9E87-E171AA76273B}.Release|Any CPU.ActiveCfg = Release|Any CPU
		{77865918-A384-44C7-9E87-E171AA76273B}.Release|Any CPU.Build.0 = Release|Any CPU
	EndGlobalSection
	GlobalSection(SolutionProperties) = preSolution
		HideSolutionNode = FALSE
	EndGlobalSection
	GlobalSection(ExtensibilityGlobals) = postSolution
		SolutionGuid = {D195F0AC-FBC0-4E58-B0CD-4C50D7F4B318}
	EndGlobalSection
EndGlobal
